
Microsoft Visual Studio Solution File, Format Version 12.00
# Visual Studio Version 16
VisualStudioVersion = 16.0.31911.196
MinimumVisualStudioVersion = 10.0.40219.1
Project("{FAE04EC0-301F-11D3-BF4B-00C04F79EFBC}") = "PiShockCVR", "PiShockCVR\PiShockCVR.csproj", "{3C7CF5DC-A843-46AA-A6DE-5AEC4CA5C33D}"
EndProject
Global
	GlobalSection(SolutionConfigurationPlatforms) = preSolution
		Debug|Any CPU = Debug|Any CPU
		Release|Any CPU = Release|Any CPU
	EndGlobalSection
	GlobalSection(ProjectConfigurationPlatforms) = postSolution
		{3C7CF5DC-A843-46AA-A6DE-5AEC4CA5C33D}.Debug|Any CPU.ActiveCfg = Debug|Any CPU
		{3C7CF5DC-A843-46AA-A6DE-5AEC4CA5C33D}.Debug|Any CPU.Build.0 = Debug|Any CPU
		{3C7CF5DC-A843-46AA-A6DE-5AEC4CA5C33D}.Release|Any CPU.ActiveCfg = Release|Any CPU
		{3C7CF5DC-A843-46AA-A6DE-5AEC4CA5C33D}.Release|Any CPU.Build.0 = Release|Any CPU
	EndGlobalSection
	GlobalSection(SolutionProperties) = preSolution
		HideSolutionNode = FALSE
	EndGlobalSection
	GlobalSection(ExtensibilityGlobals) = postSolution
		SolutionGuid = {DDC243F1-BFFA-43ED-9F67-20FE33337B34}
	EndGlobalSection
EndGlobal
